
Microsoft Visual Studio Solution File, Format Version 12.00
# Visual Studio Version 16
VisualStudioVersion = 16.0.30001.183
MinimumVisualStudioVersion = 10.0.40219.1
Project("{2150E333-8FDC-42A3-9474-1A3956D46DE8}") = "TipCalculator", "TipCalculator", "{B23031D6-C1AD-4E20-B576-70FBA6E2F294}"
EndProject
Project("{FAE04EC0-301F-11D3-BF4B-00C04F79EFBC}") = "TipCalculator.Core", "TipCalculator.Core\TipCalculator.Core.csproj", "{4EB61F88-3F58-42D4-BC16-17419C2E574A}"
EndProject
Project("{FAE04EC0-301F-11D3-BF4B-00C04F79EFBC}") = "TipCalculator.Android", "TipCalculator.Android\TipCalculator.Android.csproj", "{5D9B08CD-2102-43AA-A4E7-B9642C790624}"
EndProject
Project("{2150E333-8FDC-42A3-9474-1A3956D46DE8}") = "Factorial", "Factorial", "{FFE81B33-8C69-48ED-8416-8F74A4958A60}"
EndProject
Project("{FAE04EC0-301F-11D3-BF4B-00C04F79EFBC}") = "Factorial.Core", "Factorial.Core\Factorial.Core.csproj", "{265CD6C5-ABEB-45AB-8ABF-3CA7E630F629}"
EndProject
Project("{FAE04EC0-301F-11D3-BF4B-00C04F79EFBC}") = "Factorial.Android", "Factorial.Android\Factorial.Android.csproj", "{325CDBDF-02F1-441D-9A60-90559DAB2A5E}"
EndProject
Global
	GlobalSection(SolutionConfigurationPlatforms) = preSolution
		Debug|Any CPU = Debug|Any CPU
		Release|Any CPU = Release|Any CPU
	EndGlobalSection
	GlobalSection(ProjectConfigurationPlatforms) = postSolution
		{4EB61F88-3F58-42D4-BC16-17419C2E574A}.Debug|Any CPU.ActiveCfg = Debug|Any CPU
		{4EB61F88-3F58-42D4-BC16-17419C2E574A}.Debug|Any CPU.Build.0 = Debug|Any CPU
		{4EB61F88-3F58-42D4-BC16-17419C2E574A}.Release|Any CPU.ActiveCfg = Release|Any CPU
		{4EB61F88-3F58-42D4-BC16-17419C2E574A}.Release|Any CPU.Build.0 = Release|Any CPU
		{5D9B08CD-2102-43AA-A4E7-B9642C790624}.Debug|Any CPU.ActiveCfg = Debug|Any CPU
		{5D9B08CD-2102-43AA-A4E7-B9642C790624}.Debug|Any CPU.Build.0 = Debug|Any CPU
		{5D9B08CD-2102-43AA-A4E7-B9642C790624}.Debug|Any CPU.Deploy.0 = Debug|Any CPU
		{5D9B08CD-2102-43AA-A4E7-B9642C790624}.Release|Any CPU.ActiveCfg = Release|Any CPU
		{5D9B08CD-2102-43AA-A4E7-B9642C790624}.Release|Any CPU.Build.0 = Release|Any CPU
		{5D9B08CD-2102-43AA-A4E7-B9642C790624}.Release|Any CPU.Deploy.0 = Release|Any CPU
		{265CD6C5-ABEB-45AB-8ABF-3CA7E630F629}.Debug|Any CPU.ActiveCfg = Debug|Any CPU
		{265CD6C5-ABEB-45AB-8ABF-3CA7E630F629}.Debug|Any CPU.Build.0 = Debug|Any CPU
		{265CD6C5-ABEB-45AB-8ABF-3CA7E630F629}.Release|Any CPU.ActiveCfg = Release|Any CPU
		{265CD6C5-ABEB-45AB-8ABF-3CA7E630F629}.Release|Any CPU.Build.0 = Release|Any CPU
		{325CDBDF-02F1-441D-9A60-90559DAB2A5E}.Debug|Any CPU.ActiveCfg = Debug|Any CPU
		{325CDBDF-02F1-441D-9A60-90559DAB2A5E}.Debug|Any CPU.Build.0 = Debug|Any CPU
		{325CDBDF-02F1-441D-9A60-90559DAB2A5E}.Debug|Any CPU.Deploy.0 = Debug|Any CPU
		{325CDBDF-02F1-441D-9A60-90559DAB2A5E}.Release|Any CPU.ActiveCfg = Release|Any CPU
		{325CDBDF-02F1-441D-9A60-90559DAB2A5E}.Release|Any CPU.Build.0 = Release|Any CPU
		{325CDBDF-02F1-441D-9A60-90559DAB2A5E}.Release|Any CPU.Deploy.0 = Release|Any CPU
	EndGlobalSection
	GlobalSection(SolutionProperties) = preSolution
		HideSolutionNode = FALSE
	EndGlobalSection
	GlobalSection(NestedProjects) = preSolution
		{4EB61F88-3F58-42D4-BC16-17419C2E574A} = {B23031D6-C1AD-4E20-B576-70FBA6E2F294}
		{5D9B08CD-2102-43AA-A4E7-B9642C790624} = {B23031D6-C1AD-4E20-B576-70FBA6E2F294}
		{265CD6C5-ABEB-45AB-8ABF-3CA7E630F629} = {FFE81B33-8C69-48ED-8416-8F74A4958A60}
		{325CDBDF-02F1-441D-9A60-90559DAB2A5E} = {FFE81B33-8C69-48ED-8416-8F74A4958A60}
	EndGlobalSection
	GlobalSection(ExtensibilityGlobals) = postSolution
		SolutionGuid = {EFE79C85-EF1C-4C84-AD70-DD6B388492F2}
	EndGlobalSection
EndGlobal
